
Microsoft Visual Studio Solution File, Format Version 12.00
# Visual Studio Version 17
VisualStudioVersion = 17.11.35327.3
MinimumVisualStudioVersion = 10.0.40219.1
Project("{FAE04EC0-301F-11D3-BF4B-00C04F79EFBC}") = "Decorator", "Decorator.csproj", "{AF3DA33F-2270-48DF-BA75-ADEE5CCD2C7C}"
EndProject
Project("{FAE04EC0-301F-11D3-BF4B-00C04F79EFBC}") = "Test", "..\Test\Test.csproj", "{7280C16C-13E8-4BA6-A283-9EE9AD83B936}"
EndProject
Global
	GlobalSection(SolutionConfigurationPlatforms) = preSolution
		Debug|Any CPU = Debug|Any CPU
		Release|Any CPU = Release|Any CPU
	EndGlobalSection
	GlobalSection(ProjectConfigurationPlatforms) = postSolution
		{AF3DA33F-2270-48DF-BA75-ADEE5CCD2C7C}.Debug|Any CPU.ActiveCfg = Debug|Any CPU
		{AF3DA33F-2270-48DF-BA75-ADEE5CCD2C7C}.Debug|Any CPU.Build.0 = Debug|Any CPU
		{AF3DA33F-2270-48DF-BA75-ADEE5CCD2C7C}.Release|Any CPU.ActiveCfg = Release|Any CPU
		{AF3DA33F-2270-48DF-BA75-ADEE5CCD2C7C}.Release|Any CPU.Build.0 = Release|Any CPU
		{7280C16C-13E8-4BA6-A283-9EE9AD83B936}.Debug|Any CPU.ActiveCfg = Debug|Any CPU
		{7280C16C-13E8-4BA6-A283-9EE9AD83B936}.Debug|Any CPU.Build.0 = Debug|Any CPU
		{7280C16C-13E8-4BA6-A283-9EE9AD83B936}.Release|Any CPU.ActiveCfg = Release|Any CPU
		{7280C16C-13E8-4BA6-A283-9EE9AD83B936}.Release|Any CPU.Build.0 = Release|Any CPU
	EndGlobalSection
	GlobalSection(SolutionProperties) = preSolution
		HideSolutionNode = FALSE
	EndGlobalSection
	GlobalSection(ExtensibilityGlobals) = postSolution
		SolutionGuid = {43735A02-01CD-49A1-862B-75074B32BC16}
	EndGlobalSection
EndGlobal
